// !$*UTF8*$!
{
	archiveVersion = 1;
	classes = {
	};
	objectVersion = 51;
	objects = {

/* Begin PBXBuildFile section */
		2359353221F20A2200E15FF0 /* AppDelegate.swift in Sources */ = {isa = PBXBuildFile; fileRef = 2359353121F20A2200E15FF0 /* AppDelegate.swift */; };
		2359353421F20A2200E15FF0 /* ViewController.swift in Sources */ = {isa = PBXBuildFile; fileRef = 2359353321F20A2200E15FF0 /* ViewController.swift */; };
		2359353621F20A2400E15FF0 /* Assets.xcassets in Resources */ = {isa = PBXBuildFile; fileRef = 2359353521F20A2400E15FF0 /* Assets.xcassets */; };
		2359353921F20A2400E15FF0 /* Main.storyboard in Resources */ = {isa = PBXBuildFile; fileRef = 2359353721F20A2400E15FF0 /* Main.storyboard */; };
		2359354221F20C9B00E15FF0 /* StateSpace.swift in Sources */ = {isa = PBXBuildFile; fileRef = 2359354121F20C9B00E15FF0 /* StateSpace.swift */; };
		2359354421F20F3000E15FF0 /* State.swift in Sources */ = {isa = PBXBuildFile; fileRef = 2359354321F20F3000E15FF0 /* State.swift */; };
		2359354821F25D2800E15FF0 /* PriorityQueue.swift in Sources */ = {isa = PBXBuildFile; fileRef = 2359354721F25D2700E15FF0 /* PriorityQueue.swift */; };
		2359354A21F2A8A500E15FF0 /* PuzzleSolver.swift in Sources */ = {isa = PBXBuildFile; fileRef = 2359354921F2A8A500E15FF0 /* PuzzleSolver.swift */; };
		2359354C21F2A9B700E15FF0 /* Helpers.swift in Sources */ = {isa = PBXBuildFile; fileRef = 2359354B21F2A9B700E15FF0 /* Helpers.swift */; };
/* End PBXBuildFile section */

/* Begin PBXFileReference section */
		2359352E21F20A2200E15FF0 /* Eight Puzzle Solver.app */ = {isa = PBXFileReference; explicitFileType = wrapper.application; includeInIndex = 0; path = "Eight Puzzle Solver.app"; sourceTree = BUILT_PRODUCTS_DIR; };
		2359353121F20A2200E15FF0 /* AppDelegate.swift */ = {isa = PBXFileReference; lastKnownFileType = sourcecode.swift; path = AppDelegate.swift; sourceTree = "<group>"; };
		2359353321F20A2200E15FF0 /* ViewController.swift */ = {isa = PBXFileReference; lastKnownFileType = sourcecode.swift; path = ViewController.swift; sourceTree = "<group>"; };
		2359353521F20A2400E15FF0 /* Assets.xcassets */ = {isa = PBXFileReference; lastKnownFileType = folder.assetcatalog; path = Assets.xcassets; sourceTree = "<group>"; };
		2359353821F20A2400E15FF0 /* Base */ = {isa = PBXFileReference; lastKnownFileType = file.storyboard; name = Base; path = Base.lproj/Main.storyboard; sourceTree = "<group>"; };
		2359353A21F20A2400E15FF0 /* Info.plist */ = {isa = PBXFileReference; lastKnownFileType = text.plist.xml; path = Info.plist; sourceTree = "<group>"; };
		2359353B21F20A2400E15FF0 /* Eight_Puzzle_Solver.entitlements */ = {isa = PBXFileReference; lastKnownFileType = text.plist.entitlements; path = Eight_Puzzle_Solver.entitlements; sourceTree = "<group>"; };
		2359354121F20C9B00E15FF0 /* StateSpace.swift */ = {isa = PBXFileReference; lastKnownFileType = sourcecode.swift; path = StateSpace.swift; sourceTree = "<group>"; };
		2359354321F20F3000E15FF0 /* State.swift */ = {isa = PBXFileReference; lastKnownFileType = sourcecode.swift; path = State.swift; sourceTree = "<group>"; };
		2359354721F25D2700E15FF0 /* PriorityQueue.swift */ = {isa = PBXFileReference; lastKnownFileType = sourcecode.swift; path = PriorityQueue.swift; sourceTree = "<group>"; };
		2359354921F2A8A500E15FF0 /* PuzzleSolver.swift */ = {isa = PBXFileReference; lastKnownFileType = sourcecode.swift; path = PuzzleSolver.swift; sourceTree = "<group>"; };
		2359354B21F2A9B700E15FF0 /* Helpers.swift */ = {isa = PBXFileReference; lastKnownFileType = sourcecode.swift; path = Helpers.swift; sourceTree = "<group>"; };
/* End PBXFileReference section */

/* Begin PBXFrameworksBuildPhase section */
		2359352B21F20A2200E15FF0 /* Frameworks */ = {
			isa = PBXFrameworksBuildPhase;
			buildActionMask = 2147483647;
			files = (
			);
			runOnlyForDeploymentPostprocessing = 0;
		};
/* End PBXFrameworksBuildPhase section */

/* Begin PBXGroup section */
		2359352521F20A2200E15FF0 = {
			isa = PBXGroup;
			children = (
				2359353021F20A2200E15FF0 /* Eight Puzzle Solver */,
				2359352F21F20A2200E15FF0 /* Products */,
			);
			sourceTree = "<group>";
		};
		2359352F21F20A2200E15FF0 /* Products */ = {
			isa = PBXGroup;
			children = (
				2359352E21F20A2200E15FF0 /* Eight Puzzle Solver.app */,
			);
			name = Products;
			sourceTree = "<group>";
		};
		2359353021F20A2200E15FF0 /* Eight Puzzle Solver */ = {
			isa = PBXGroup;
			children = (
				2359353121F20A2200E15FF0 /* AppDelegate.swift */,
				2359353321F20A2200E15FF0 /* ViewController.swift */,
				2359353521F20A2400E15FF0 /* Assets.xcassets */,
				2359353721F20A2400E15FF0 /* Main.storyboard */,
				2359353A21F20A2400E15FF0 /* Info.plist */,
				2359353B21F20A2400E15FF0 /* Eight_Puzzle_Solver.entitlements */,
				2359354921F2A8A500E15FF0 /* PuzzleSolver.swift */,
				2359354121F20C9B00E15FF0 /* StateSpace.swift */,
				2359354321F20F3000E15FF0 /* State.swift */,
				2359354721F25D2700E15FF0 /* PriorityQueue.swift */,
				2359354B21F2A9B700E15FF0 /* Helpers.swift */,
			);
			path = "Eight Puzzle Solver";
			sourceTree = "<group>";
		};
/* End PBXGroup section */

/* Begin PBXNativeTarget section */
		2359352D21F20A2200E15FF0 /* Eight Puzzle Solver */ = {
			isa = PBXNativeTarget;
			buildConfigurationList = 2359353E21F20A2400E15FF0 /* Build configuration list for PBXNativeTarget "Eight Puzzle Solver" */;
			buildPhases = (
				2359352A21F20A2200E15FF0 /* Sources */,
				2359352B21F20A2200E15FF0 /* Frameworks */,
				2359352C21F20A2200E15FF0 /* Resources */,
			);
			buildRules = (
			);
			dependencies = (
			);
			name = "Eight Puzzle Solver";
			productName = "Eight Puzzle Solver";
			productReference = 2359352E21F20A2200E15FF0 /* Eight Puzzle Solver.app */;
			productType = "com.apple.product-type.application";
		};
/* End PBXNativeTarget section */

/* Begin PBXProject section */
		2359352621F20A2200E15FF0 /* Project object */ = {
			isa = PBXProject;
			attributes = {
				LastSwiftUpdateCheck = 1010;
				LastUpgradeCheck = 1010;
				ORGANIZATIONNAME = "Thomas Lagrange";
				TargetAttributes = {
					2359352D21F20A2200E15FF0 = {
						CreatedOnToolsVersion = 10.1;
					};
				};
			};
			buildConfigurationList = 2359352921F20A2200E15FF0 /* Build configuration list for PBXProject "Eight Puzzle Solver" */;
			compatibilityVersion = "Xcode 10.0";
			developmentRegion = en;
			hasScannedForEncodings = 0;
			knownRegions = (
				en,
				Base,
			);
			mainGroup = 2359352521F20A2200E15FF0;
			productRefGroup = 2359352F21F20A2200E15FF0 /* Products */;
			projectDirPath = "";
			projectRoot = "";
			targets = (
				2359352D21F20A2200E15FF0 /* Eight Puzzle Solver */,
			);
		};
/* End PBXProject section */

/* Begin PBXResourcesBuildPhase section */
		2359352C21F20A2200E15FF0 /* Resources */ = {
			isa = PBXResourcesBuildPhase;
			buildActionMask = 2147483647;
			files = (
				2359353621F20A2400E15FF0 /* Assets.xcassets in Resources */,
				2359353921F20A2400E15FF0 /* Main.storyboard in Resources */,
			);
			runOnlyForDeploymentPostprocessing = 0;
		};
/* End PBXResourcesBuildPhase section */

/* Begin PBXSourcesBuildPhase section */
		2359352A21F20A2200E15FF0 /* Sources */ = {
			isa = PBXSourcesBuildPhase;
			buildActionMask = 2147483647;
			files = (
				2359354221F20C9B00E15FF0 /* StateSpace.swift in Sources */,
				2359354C21F2A9B700E15FF0 /* Helpers.swift in Sources */,
				2359353421F20A2200E15FF0 /* ViewController.swift in Sources */,
				2359353221F20A2200E15FF0 /* AppDelegate.swift in Sources */,
				2359354421F20F3000E15FF0 /* State.swift in Sources */,
				2359354A21F2A8A500E15FF0 /* PuzzleSolver.swift in Sources */,
				2359354821F25D2800E15FF0 /* PriorityQueue.swift in Sources */,
			);
			runOnlyForDeploymentPostprocessing = 0;
		};
/* End PBXSourcesBuildPhase section */

/* Begin PBXVariantGroup section */
		2359353721F20A2400E15FF0 /* Main.storyboard */ = {
			isa = PBXVariantGroup;
			children = (
				2359353821F20A2400E15FF0 /* Base */,
			);
			name = Main.storyboard;
			sourceTree = "<group>";
		};
/* End PBXVariantGroup section */

/* Begin XCBuildConfiguration section */
		2359353C21F20A2400E15FF0 /* Debug */ = {
			isa = XCBuildConfiguration;
			buildSettings = {
				ALWAYS_SEARCH_USER_PATHS = NO;
				CLANG_ANALYZER_NONNULL = YES;
				CLANG_ANALYZER_NUMBER_OBJECT_CONVERSION = YES_AGGRESSIVE;
				CLANG_CXX_LANGUAGE_STANDARD = "gnu++14";
				CLANG_CXX_LIBRARY = "libc++";
				CLANG_ENABLE_MODULES = YES;
				CLANG_ENABLE_OBJC_ARC = YES;
				CLANG_ENABLE_OBJC_WEAK = YES;
				CLANG_WARN_BLOCK_CAPTURE_AUTORELEASING = YES;
				CLANG_WARN_BOOL_CONVERSION = YES;
				CLANG_WARN_COMMA = YES;
				CLANG_WARN_CONSTANT_CONVERSION = YES;
				CLANG_WARN_DEPRECATED_OBJC_IMPLEMENTATIONS = YES;
				CLANG_WARN_DIRECT_OBJC_ISA_USAGE = YES_ERROR;
				CLANG_WARN_DOCUMENTATION_COMMENTS = YES;
				CLANG_WARN_EMPTY_BODY = YES;
				CLANG_WARN_ENUM_CONVERSION = YES;
				CLANG_WARN_INFINITE_RECURSION = YES;
				CLANG_WARN_INT_CONVERSION = YES;
				CLANG_WARN_NON_LITERAL_NULL_CONVERSION = YES;
				CLANG_WARN_OBJC_IMPLICIT_RETAIN_SELF = YES;
				CLANG_WARN_OBJC_LITERAL_CONVERSION = YES;
				CLANG_WARN_OBJC_ROOT_CLASS = YES_ERROR;
				CLANG_WARN_RANGE_LOOP_ANALYSIS = YES;
				CLANG_WARN_STRICT_PROTOTYPES = YES;
				CLANG_WARN_SUSPICIOUS_MOVE = YES;
				CLANG_WARN_UNGUARDED_AVAILABILITY = YES_AGGRESSIVE;
				CLANG_WARN_UNREACHABLE_CODE = YES;
				CLANG_WARN__DUPLICATE_METHOD_MATCH = YES;
				CODE_SIGN_IDENTITY = "-";
				COPY_PHASE_STRIP = NO;
				DEBUG_INFORMATION_FORMAT = dwarf;
				ENABLE_STRICT_OBJC_MSGSEND = YES;
				ENABLE_TESTABILITY = YES;
				GCC_C_LANGUAGE_STANDARD = gnu11;
				GCC_DYNAMIC_NO_PIC = NO;
				GCC_NO_COMMON_BLOCKS = YES;
				GCC_OPTIMIZATION_LEVEL = 0;
				GCC_PREPROCESSOR_DEFINITIONS = (
					"DEBUG=1",
					"$(inherited)",
				);
				GCC_WARN_64_TO_32_BIT_CONVERSION = YES;
				GCC_WARN_ABOUT_RETURN_TYPE = YES_ERROR;
				GCC_WARN_UNDECLARED_SELECTOR = YES;
				GCC_WARN_UNINITIALIZED_AUTOS = YES_AGGRESSIVE;
				GCC_WARN_UNUSED_FUNCTION = YES;
				GCC_WARN_UNUSED_VARIABLE = YES;
				MACOSX_DEPLOYMENT_TARGET = 10.14;
				MTL_ENABLE_DEBUG_INFO = INCLUDE_SOURCE;
				MTL_FAST_MATH = YES;
				ONLY_ACTIVE_ARCH = YES;
				SDKROOT = macosx;
				SWIFT_ACTIVE_COMPILATION_CONDITIONS = DEBUG;
				SWIFT_OPTIMIZATION_LEVEL = "-Onone";
			};
			name = Debug;
		};
		2359353D21F20A2400E15FF0 /* Release */ = {
			isa = XCBuildConfiguration;
			buildSettings = {
				ALWAYS_SEARCH_USER_PATHS = NO;
				CLANG_ANALYZER_NONNULL = YES;
				CLANG_ANALYZER_NUMBER_OBJECT_CONVERSION = YES_AGGRESSIVE;
				CLANG_CXX_LANGUAGE_STANDARD = "gnu++14";
				CLANG_CXX_LIBRARY = "libc++";
				CLANG_ENABLE_MODULES = YES;
				CLANG_ENABLE_OBJC_ARC = YES;
				CLANG_ENABLE_OBJC_WEAK = YES;
				CLANG_WARN_BLOCK_CAPTURE_AUTORELEASING = YES;
				CLANG_WARN_BOOL_CONVERSION = YES;
				CLANG_WARN_COMMA = YES;
				CLANG_WARN_CONSTANT_CONVERSION = YES;
				CLANG_WARN_DEPRECATED_OBJC_IMPLEMENTATIONS = YES;
				CLANG_WARN_DIRECT_OBJC_ISA_USAGE = YES_ERROR;
				CLANG_WARN_DOCUMENTATION_COMMENTS = YES;
				CLANG_WARN_EMPTY_BODY = YES;
				CLANG_WARN_ENUM_CONVERSION = YES;
				CLANG_WARN_INFINITE_RECURSION = YES;
				CLANG_WARN_INT_CONVERSION = YES;
				CLANG_WARN_NON_LITERAL_NULL_CONVERSION = YES;
				CLANG_WARN_OBJC_IMPLICIT_RETAIN_SELF = YES;
				CLANG_WARN_OBJC_LITERAL_CONVERSION = YES;
				CLANG_WARN_OBJC_ROOT_CLASS = YES_ERROR;
				CLANG_WARN_RANGE_LOOP_ANALYSIS = YES;
				CLANG_WARN_STRICT_PROTOTYPES = YES;
				CLANG_WARN_SUSPICIOUS_MOVE = YES;
				CLANG_WARN_UNGUARDED_AVAILABILITY = YES_AGGRESSIVE;
				CLANG_WARN_UNREACHABLE_CODE = YES;
				CLANG_WARN__DUPLICATE_METHOD_MATCH = YES;
				CODE_SIGN_IDENTITY = "-";
				COPY_PHASE_STRIP = NO;
				DEBUG_INFORMATION_FORMAT = "dwarf-with-dsym";
				ENABLE_NS_ASSERTIONS = NO;
				ENABLE_STRICT_OBJC_MSGSEND = YES;
				GCC_C_LANGUAGE_STANDARD = gnu11;
				GCC_NO_COMMON_BLOCKS = YES;
				GCC_WARN_64_TO_32_BIT_CONVERSION = YES;
				GCC_WARN_ABOUT_RETURN_TYPE = YES_ERROR;
				GCC_WARN_UNDECLARED_SELECTOR = YES;
				GCC_WARN_UNINITIALIZED_AUTOS = YES_AGGRESSIVE;
				GCC_WARN_UNUSED_FUNCTION = YES;
				GCC_WARN_UNUSED_VARIABLE = YES;
				MACOSX_DEPLOYMENT_TARGET = 10.14;
				MTL_ENABLE_DEBUG_INFO = NO;
				MTL_FAST_MATH = YES;
				SDKROOT = macosx;
				SWIFT_COMPILATION_MODE = wholemodule;
				SWIFT_OPTIMIZATION_LEVEL = "-O";
			};
			name = Release;
		};
		2359353F21F20A2400E15FF0 /* Debug */ = {
			isa = XCBuildConfiguration;
			buildSettings = {
				ASSETCATALOG_COMPILER_APPICON_NAME = AppIcon;
				CODE_SIGN_ENTITLEMENTS = "Eight Puzzle Solver/Eight_Puzzle_Solver.entitlements";
				CODE_SIGN_STYLE = Automatic;
				COMBINE_HIDPI_IMAGES = YES;
				INFOPLIST_FILE = "Eight Puzzle Solver/Info.plist";
				LD_RUNPATH_SEARCH_PATHS = (
					"$(inherited)",
					"@executable_path/../Frameworks",
				);
				PRODUCT_BUNDLE_IDENTIFIER = "com.tlagrange.Eight-Puzzle-Solver";
				PRODUCT_NAME = "$(TARGET_NAME)";
				SWIFT_VERSION = 4.2;
			};
			name = Debug;
		};
		2359354021F20A2400E15FF0 /* Release */ = {
			isa = XCBuildConfiguration;
			buildSettings = {
				ASSETCATALOG_COMPILER_APPICON_NAME = AppIcon;
				CODE_SIGN_ENTITLEMENTS = "Eight Puzzle Solver/Eight_Puzzle_Solver.entitlements";
				CODE_SIGN_STYLE = Automatic;
				COMBINE_HIDPI_IMAGES = YES;
				INFOPLIST_FILE = "Eight Puzzle Solver/Info.plist";
				LD_RUNPATH_SEARCH_PATHS = (
					"$(inherited)",
					"@executable_path/../Frameworks",
				);
				PRODUCT_BUNDLE_IDENTIFIER = "com.tlagrange.Eight-Puzzle-Solver";
				PRODUCT_NAME = "$(TARGET_NAME)";
				SWIFT_VERSION = 4.2;
			};
			name = Release;
		};
/* End XCBuildConfiguration section */

/* Begin XCConfigurationList section */
		2359352921F20A2200E15FF0 /* Build configuration list for PBXProject "Eight Puzzle Solver" */ = {
			isa = XCConfigurationList;
			buildConfigurations = (
				2359353C21F20A2400E15FF0 /* Debug */,
				2359353D21F20A2400E15FF0 /* Release */,
			);
			defaultConfigurationIsVisible = 0;
			defaultConfigurationName = Release;
		};
		2359353E21F20A2400E15FF0 /* Build configuration list for PBXNativeTarget "Eight Puzzle Solver" */ = {
			isa = XCConfigurationList;
			buildConfigurations = (
				2359353F21F20A2400E15FF0 /* Debug */,
				2359354021F20A2400E15FF0 /* Release */,
			);
			defaultConfigurationIsVisible = 0;
			defaultConfigurationName = Release;
		};
/* End XCConfigurationList section */
	};
	rootObject = 2359352621F20A2200E15FF0 /* Project object */;
}
